
Microsoft Visual Studio Solution File, Format Version 12.00
# Visual Studio Version 16
VisualStudioVersion = 16.0.30225.117
MinimumVisualStudioVersion = 10.0.40219.1
Project("{9A19103F-16F7-4668-BE54-9A1E7A4F7556}") = "RedisSessionStoringExampleApp", "RedisSessionStoringExampleApp\RedisSessionStoringExampleApp.csproj", "{B777D837-B323-4BD5-80E2-4FCACF17378F}"
EndProject
Project("{FAE04EC0-301F-11D3-BF4B-00C04F79EFBC}") = "AuthenticationApp", "RedisSessionStoringExampleApp\Authentication\AuthenticationApp\AuthenticationApp.csproj", "{D5B2698D-7873-4719-82EE-CB6DFD9712BE}"
EndProject
Project("{FAE04EC0-301F-11D3-BF4B-00C04F79EFBC}") = "ModelsApp", "RedisSessionStoringExampleApp\Models\ModelsApp\ModelsApp.csproj", "{54E8BA05-D8A6-4D07-9B31-CE3796ED153F}"
EndProject
Project("{FAE04EC0-301F-11D3-BF4B-00C04F79EFBC}") = "RepositoryApplication", "RedisSessionStoringExampleApp\Data\RepositoryApplication\RepositoryApplication.csproj", "{E801DF83-10EC-41A9-8142-3075FB35E792}"
EndProject
Global
	GlobalSection(SolutionConfigurationPlatforms) = preSolution
		Debug|Any CPU = Debug|Any CPU
		Release|Any CPU = Release|Any CPU
	EndGlobalSection
	GlobalSection(ProjectConfigurationPlatforms) = postSolution
		{B777D837-B323-4BD5-80E2-4FCACF17378F}.Debug|Any CPU.ActiveCfg = Debug|Any CPU
		{B777D837-B323-4BD5-80E2-4FCACF17378F}.Debug|Any CPU.Build.0 = Debug|Any CPU
		{B777D837-B323-4BD5-80E2-4FCACF17378F}.Release|Any CPU.ActiveCfg = Release|Any CPU
		{B777D837-B323-4BD5-80E2-4FCACF17378F}.Release|Any CPU.Build.0 = Release|Any CPU
		{D5B2698D-7873-4719-82EE-CB6DFD9712BE}.Debug|Any CPU.ActiveCfg = Debug|Any CPU
		{D5B2698D-7873-4719-82EE-CB6DFD9712BE}.Debug|Any CPU.Build.0 = Debug|Any CPU
		{D5B2698D-7873-4719-82EE-CB6DFD9712BE}.Release|Any CPU.ActiveCfg = Release|Any CPU
		{D5B2698D-7873-4719-82EE-CB6DFD9712BE}.Release|Any CPU.Build.0 = Release|Any CPU
		{54E8BA05-D8A6-4D07-9B31-CE3796ED153F}.Debug|Any CPU.ActiveCfg = Debug|Any CPU
		{54E8BA05-D8A6-4D07-9B31-CE3796ED153F}.Debug|Any CPU.Build.0 = Debug|Any CPU
		{54E8BA05-D8A6-4D07-9B31-CE3796ED153F}.Release|Any CPU.ActiveCfg = Release|Any CPU
		{54E8BA05-D8A6-4D07-9B31-CE3796ED153F}.Release|Any CPU.Build.0 = Release|Any CPU
		{E801DF83-10EC-41A9-8142-3075FB35E792}.Debug|Any CPU.ActiveCfg = Debug|Any CPU
		{E801DF83-10EC-41A9-8142-3075FB35E792}.Debug|Any CPU.Build.0 = Debug|Any CPU
		{E801DF83-10EC-41A9-8142-3075FB35E792}.Release|Any CPU.ActiveCfg = Release|Any CPU
		{E801DF83-10EC-41A9-8142-3075FB35E792}.Release|Any CPU.Build.0 = Release|Any CPU
	EndGlobalSection
	GlobalSection(SolutionProperties) = preSolution
		HideSolutionNode = FALSE
	EndGlobalSection
	GlobalSection(ExtensibilityGlobals) = postSolution
		SolutionGuid = {4E0C56E5-24AE-4CF5-B05F-2E5877661C12}
	EndGlobalSection
EndGlobal
